// !$*UTF8*$!
{
	archiveVersion = 1;
	classes = {
	};
	objectVersion = 46;
	objects = {

/* Begin PBXBuildFile section */
		D7D7F4051BA05BE5005E827D /* main.m in Sources */ = {isa = PBXBuildFile; fileRef = D7D7F4041BA05BE5005E827D /* main.m */; };
		D7D7F4081BA05BE5005E827D /* AppDelegate.m in Sources */ = {isa = PBXBuildFile; fileRef = D7D7F4071BA05BE5005E827D /* AppDelegate.m */; };
		D7D7F40B1BA05BE5005E827D /* ViewController.m in Sources */ = {isa = PBXBuildFile; fileRef = D7D7F40A1BA05BE5005E827D /* ViewController.m */; };
		D7D7F40E1BA05BE5005E827D /* Main.storyboard in Resources */ = {isa = PBXBuildFile; fileRef = D7D7F40C1BA05BE5005E827D /* Main.storyboard */; };
		D7D7F4101BA05BE5005E827D /* Images.xcassets in Resources */ = {isa = PBXBuildFile; fileRef = D7D7F40F1BA05BE5005E827D /* Images.xcassets */; };
		D7D7F4131BA05BE6005E827D /* LaunchScreen.xib in Resources */ = {isa = PBXBuildFile; fileRef = D7D7F4111BA05BE6005E827D /* LaunchScreen.xib */; };
		D7D7F41F1BA05BE6005E827D /* QuotesTests.m in Sources */ = {isa = PBXBuildFile; fileRef = D7D7F41E1BA05BE6005E827D /* QuotesTests.m */; };
		D7D7F42A1BA06ADD005E827D /* quotes.plist in Resources */ = {isa = PBXBuildFile; fileRef = D7D7F4291BA06ADD005E827D /* quotes.plist */; };
/* End PBXBuildFile section */

/* Begin PBXContainerItemProxy section */
		D7D7F4191BA05BE6005E827D /* PBXContainerItemProxy */ = {
			isa = PBXContainerItemProxy;
			containerPortal = D7D7F3F71BA05BE5005E827D /* Project object */;
			proxyType = 1;
			remoteGlobalIDString = D7D7F3FE1BA05BE5005E827D;
			remoteInfo = Quotes;
		};
/* End PBXContainerItemProxy section */

/* Begin PBXFileReference section */
		D7D7F3FF1BA05BE5005E827D /* Quotes.app */ = {isa = PBXFileReference; explicitFileType = wrapper.application; includeInIndex = 0; path = Quotes.app; sourceTree = BUILT_PRODUCTS_DIR; };
		D7D7F4031BA05BE5005E827D /* Info.plist */ = {isa = PBXFileReference; lastKnownFileType = text.plist.xml; path = Info.plist; sourceTree = "<group>"; };
		D7D7F4041BA05BE5005E827D /* main.m */ = {isa = PBXFileReference; lastKnownFileType = sourcecode.c.objc; path = main.m; sourceTree = "<group>"; };
		D7D7F4061BA05BE5005E827D /* AppDelegate.h */ = {isa = PBXFileReference; lastKnownFileType = sourcecode.c.h; path = AppDelegate.h; sourceTree = "<group>"; };
		D7D7F4071BA05BE5005E827D /* AppDelegate.m */ = {isa = PBXFileReference; lastKnownFileType = sourcecode.c.objc; path = AppDelegate.m; sourceTree = "<group>"; };
		D7D7F4091BA05BE5005E827D /* ViewController.h */ = {isa = PBXFileReference; lastKnownFileType = sourcecode.c.h; path = ViewController.h; sourceTree = "<group>"; };
		D7D7F40A1BA05BE5005E827D /* ViewController.m */ = {isa = PBXFileReference; lastKnownFileType = sourcecode.c.objc; path = ViewController.m; sourceTree = "<group>"; };
		D7D7F40D1BA05BE5005E827D /* Base */ = {isa = PBXFileReference; lastKnownFileType = file.storyboard; name = Base; path = Base.lproj/Main.storyboard; sourceTree = "<group>"; };
		D7D7F40F1BA05BE5005E827D /* Images.xcassets */ = {isa = PBXFileReference; lastKnownFileType = folder.assetcatalog; path = Images.xcassets; sourceTree = "<group>"; };
		D7D7F4121BA05BE6005E827D /* Base */ = {isa = PBXFileReference; lastKnownFileType = file.xib; name = Base; path = Base.lproj/LaunchScreen.xib; sourceTree = "<group>"; };
		D7D7F4181BA05BE6005E827D /* QuotesTests.xctest */ = {isa = PBXFileReference; explicitFileType = wrapper.cfbundle; includeInIndex = 0; path = QuotesTests.xctest; sourceTree = BUILT_PRODUCTS_DIR; };
		D7D7F41D1BA05BE6005E827D /* Info.plist */ = {isa = PBXFileReference; lastKnownFileType = text.plist.xml; path = Info.plist; sourceTree = "<group>"; };
		D7D7F41E1BA05BE6005E827D /* QuotesTests.m */ = {isa = PBXFileReference; lastKnownFileType = sourcecode.c.objc; path = QuotesTests.m; sourceTree = "<group>"; };
		D7D7F4291BA06ADD005E827D /* quotes.plist */ = {isa = PBXFileReference; fileEncoding = 4; lastKnownFileType = text.plist.xml; path = quotes.plist; sourceTree = "<group>"; };
/* End PBXFileReference section */

/* Begin PBXFrameworksBuildPhase section */
		D7D7F3FC1BA05BE5005E827D /* Frameworks */ = {
			isa = PBXFrameworksBuildPhase;
			buildActionMask = 2147483647;
			files = (
			);
			runOnlyForDeploymentPostprocessing = 0;
		};
		D7D7F4151BA05BE6005E827D /* Frameworks */ = {
			isa = PBXFrameworksBuildPhase;
			buildActionMask = 2147483647;
			files = (
			);
			runOnlyForDeploymentPostprocessing = 0;
		};
/* End PBXFrameworksBuildPhase section */

/* Begin PBXGroup section */
		D7D7F3F61BA05BE5005E827D = {
			isa = PBXGroup;
			children = (
				D7D7F4011BA05BE5005E827D /* Quotes */,
				D7D7F41B1BA05BE6005E827D /* QuotesTests */,
				D7D7F4001BA05BE5005E827D /* Products */,
			);
			sourceTree = "<group>";
		};
		D7D7F4001BA05BE5005E827D /* Products */ = {
			isa = PBXGroup;
			children = (
				D7D7F3FF1BA05BE5005E827D /* Quotes.app */,
				D7D7F4181BA05BE6005E827D /* QuotesTests.xctest */,
			);
			name = Products;
			sourceTree = "<group>";
		};
		D7D7F4011BA05BE5005E827D /* Quotes */ = {
			isa = PBXGroup;
			children = (
				D7D7F4281BA06AA5005E827D /* resources */,
				D7D7F4061BA05BE5005E827D /* AppDelegate.h */,
				D7D7F4071BA05BE5005E827D /* AppDelegate.m */,
				D7D7F4091BA05BE5005E827D /* ViewController.h */,
				D7D7F40A1BA05BE5005E827D /* ViewController.m */,
				D7D7F40C1BA05BE5005E827D /* Main.storyboard */,
				D7D7F40F1BA05BE5005E827D /* Images.xcassets */,
				D7D7F4111BA05BE6005E827D /* LaunchScreen.xib */,
				D7D7F4021BA05BE5005E827D /* Supporting Files */,
			);
			path = Quotes;
			sourceTree = "<group>";
		};
		D7D7F4021BA05BE5005E827D /* Supporting Files */ = {
			isa = PBXGroup;
			children = (
				D7D7F4031BA05BE5005E827D /* Info.plist */,
				D7D7F4041BA05BE5005E827D /* main.m */,
			);
			name = "Supporting Files";
			sourceTree = "<group>";
		};
		D7D7F41B1BA05BE6005E827D /* QuotesTests */ = {
			isa = PBXGroup;
			children = (
				D7D7F41E1BA05BE6005E827D /* QuotesTests.m */,
				D7D7F41C1BA05BE6005E827D /* Supporting Files */,
			);
			path = QuotesTests;
			sourceTree = "<group>";
		};
		D7D7F41C1BA05BE6005E827D /* Supporting Files */ = {
			isa = PBXGroup;
			children = (
				D7D7F41D1BA05BE6005E827D /* Info.plist */,
			);
			name = "Supporting Files";
			sourceTree = "<group>";
		};
		D7D7F4281BA06AA5005E827D /* resources */ = {
			isa = PBXGroup;
			children = (
				D7D7F4291BA06ADD005E827D /* quotes.plist */,
			);
			name = resources;
			sourceTree = "<group>";
		};
/* End PBXGroup section */

/* Begin PBXNativeTarget section */
		D7D7F3FE1BA05BE5005E827D /* Quotes */ = {
			isa = PBXNativeTarget;
			buildConfigurationList = D7D7F4221BA05BE6005E827D /* Build configuration list for PBXNativeTarget "Quotes" */;
			buildPhases = (
				D7D7F3FB1BA05BE5005E827D /* Sources */,
				D7D7F3FC1BA05BE5005E827D /* Frameworks */,
				D7D7F3FD1BA05BE5005E827D /* Resources */,
			);
			buildRules = (
			);
			dependencies = (
			);
			name = Quotes;
			productName = Quotes;
			productReference = D7D7F3FF1BA05BE5005E827D /* Quotes.app */;
			productType = "com.apple.product-type.application";
		};
		D7D7F4171BA05BE6005E827D /* QuotesTests */ = {
			isa = PBXNativeTarget;
			buildConfigurationList = D7D7F4251BA05BE6005E827D /* Build configuration list for PBXNativeTarget "QuotesTests" */;
			buildPhases = (
				D7D7F4141BA05BE6005E827D /* Sources */,
				D7D7F4151BA05BE6005E827D /* Frameworks */,
				D7D7F4161BA05BE6005E827D /* Resources */,
			);
			buildRules = (
			);
			dependencies = (
				D7D7F41A1BA05BE6005E827D /* PBXTargetDependency */,
			);
			name = QuotesTests;
			productName = QuotesTests;
			productReference = D7D7F4181BA05BE6005E827D /* QuotesTests.xctest */;
			productType = "com.apple.product-type.bundle.unit-test";
		};
/* End PBXNativeTarget section */

/* Begin PBXProject section */
		D7D7F3F71BA05BE5005E827D /* Project object */ = {
			isa = PBXProject;
			attributes = {
				LastUpgradeCheck = 0640;
				ORGANIZATIONNAME = "Alexander Valero";
				TargetAttributes = {
					D7D7F3FE1BA05BE5005E827D = {
						CreatedOnToolsVersion = 6.4;
					};
					D7D7F4171BA05BE6005E827D = {
						CreatedOnToolsVersion = 6.4;
						TestTargetID = D7D7F3FE1BA05BE5005E827D;
					};
				};
			};
			buildConfigurationList = D7D7F3FA1BA05BE5005E827D /* Build configuration list for PBXProject "Quotes" */;
			compatibilityVersion = "Xcode 3.2";
			developmentRegion = English;
			hasScannedForEncodings = 0;
			knownRegions = (
				en,
				Base,
			);
			mainGroup = D7D7F3F61BA05BE5005E827D;
			productRefGroup = D7D7F4001BA05BE5005E827D /* Products */;
			projectDirPath = "";
			projectRoot = "";
			targets = (
				D7D7F3FE1BA05BE5005E827D /* Quotes */,
				D7D7F4171BA05BE6005E827D /* QuotesTests */,
			);
		};
/* End PBXProject section */

/* Begin PBXResourcesBuildPhase section */
		D7D7F3FD1BA05BE5005E827D /* Resources */ = {
			isa = PBXResourcesBuildPhase;
			buildActionMask = 2147483647;
			files = (
				D7D7F40E1BA05BE5005E827D /* Main.storyboard in Resources */,
				D7D7F4131BA05BE6005E827D /* LaunchScreen.xib in Resources */,
				D7D7F4101BA05BE5005E827D /* Images.xcassets in Resources */,
				D7D7F42A1BA06ADD005E827D /* quotes.plist in Resources */,
			);
			runOnlyForDeploymentPostprocessing = 0;
		};
		D7D7F4161BA05BE6005E827D /* Resources */ = {
			isa = PBXResourcesBuildPhase;
			buildActionMask = 2147483647;
			files = (
			);
			runOnlyForDeploymentPostprocessing = 0;
		};
/* End PBXResourcesBuildPhase section */

/* Begin PBXSourcesBuildPhase section */
		D7D7F3FB1BA05BE5005E827D /* Sources */ = {
			isa = PBXSourcesBuildPhase;
			buildActionMask = 2147483647;
			files = (
				D7D7F40B1BA05BE5005E827D /* ViewController.m in Sources */,
				D7D7F4081BA05BE5005E827D /* AppDelegate.m in Sources */,
				D7D7F4051BA05BE5005E827D /* main.m in Sources */,
			);
			runOnlyForDeploymentPostprocessing = 0;
		};
		D7D7F4141BA05BE6005E827D /* Sources */ = {
			isa = PBXSourcesBuildPhase;
			buildActionMask = 2147483647;
			files = (
				D7D7F41F1BA05BE6005E827D /* QuotesTests.m in Sources */,
			);
			runOnlyForDeploymentPostprocessing = 0;
		};
/* End PBXSourcesBuildPhase section */

/* Begin PBXTargetDependency section */
		D7D7F41A1BA05BE6005E827D /* PBXTargetDependency */ = {
			isa = PBXTargetDependency;
			target = D7D7F3FE1BA05BE5005E827D /* Quotes */;
			targetProxy = D7D7F4191BA05BE6005E827D /* PBXContainerItemProxy */;
		};
/* End PBXTargetDependency section */

/* Begin PBXVariantGroup section */
		D7D7F40C1BA05BE5005E827D /* Main.storyboard */ = {
			isa = PBXVariantGroup;
			children = (
				D7D7F40D1BA05BE5005E827D /* Base */,
			);
			name = Main.storyboard;
			sourceTree = "<group>";
		};
		D7D7F4111BA05BE6005E827D /* LaunchScreen.xib */ = {
			isa = PBXVariantGroup;
			children = (
				D7D7F4121BA05BE6005E827D /* Base */,
			);
			name = LaunchScreen.xib;
			sourceTree = "<group>";
		};
/* End PBXVariantGroup section */

/* Begin XCBuildConfiguration section */
		D7D7F4201BA05BE6005E827D /* Debug */ = {
			isa = XCBuildConfiguration;
			buildSettings = {
				ALWAYS_SEARCH_USER_PATHS = NO;
				CLANG_CXX_LANGUAGE_STANDARD = "gnu++0x";
				CLANG_CXX_LIBRARY = "libc++";
				CLANG_ENABLE_MODULES = YES;
				CLANG_ENABLE_OBJC_ARC = YES;
				CLANG_WARN_BOOL_CONVERSION = YES;
				CLANG_WARN_CONSTANT_CONVERSION = YES;
				CLANG_WARN_DIRECT_OBJC_ISA_USAGE = YES_ERROR;
				CLANG_WARN_EMPTY_BODY = YES;
				CLANG_WARN_ENUM_CONVERSION = YES;
				CLANG_WARN_INT_CONVERSION = YES;
				CLANG_WARN_OBJC_ROOT_CLASS = YES_ERROR;
				CLANG_WARN_UNREACHABLE_CODE = YES;
				CLANG_WARN__DUPLICATE_METHOD_MATCH = YES;
				"CODE_SIGN_IDENTITY[sdk=iphoneos*]" = "iPhone Developer";
				COPY_PHASE_STRIP = NO;
				DEBUG_INFORMATION_FORMAT = "dwarf-with-dsym";
				ENABLE_STRICT_OBJC_MSGSEND = YES;
				GCC_C_LANGUAGE_STANDARD = gnu99;
				GCC_DYNAMIC_NO_PIC = NO;
				GCC_NO_COMMON_BLOCKS = YES;
				GCC_OPTIMIZATION_LEVEL = 0;
				GCC_PREPROCESSOR_DEFINITIONS = (
					"DEBUG=1",
					"$(inherited)",
				);
				GCC_SYMBOLS_PRIVATE_EXTERN = NO;
				GCC_WARN_64_TO_32_BIT_CONVERSION = YES;
				GCC_WARN_ABOUT_RETURN_TYPE = YES_ERROR;
				GCC_WARN_UNDECLARED_SELECTOR = YES;
				GCC_WARN_UNINITIALIZED_AUTOS = YES_AGGRESSIVE;
				GCC_WARN_UNUSED_FUNCTION = YES;
				GCC_WARN_UNUSED_VARIABLE = YES;
				IPHONEOS_DEPLOYMENT_TARGET = 8.4;
				MTL_ENABLE_DEBUG_INFO = YES;
				ONLY_ACTIVE_ARCH = YES;
				SDKROOT = iphoneos;
			};
			name = Debug;
		};
		D7D7F4211BA05BE6005E827D /* Release */ = {
			isa = XCBuildConfiguration;
			buildSettings = {
				ALWAYS_SEARCH_USER_PATHS = NO;
				CLANG_CXX_LANGUAGE_STANDARD = "gnu++0x";
				CLANG_CXX_LIBRARY = "libc++";
				CLANG_ENABLE_MODULES = YES;
				CLANG_ENABLE_OBJC_ARC = YES;
				CLANG_WARN_BOOL_CONVERSION = YES;
				CLANG_WARN_CONSTANT_CONVERSION = YES;
				CLANG_WARN_DIRECT_OBJC_ISA_USAGE = YES_ERROR;
				CLANG_WARN_EMPTY_BODY = YES;
				CLANG_WARN_ENUM_CONVERSION = YES;
				CLANG_WARN_INT_CONVERSION = YES;
				CLANG_WARN_OBJC_ROOT_CLASS = YES_ERROR;
				CLANG_WARN_UNREACHABLE_CODE = YES;
				CLANG_WARN__DUPLICATE_METHOD_MATCH = YES;
				"CODE_SIGN_IDENTITY[sdk=iphoneos*]" = "iPhone Developer";
				COPY_PHASE_STRIP = NO;
				DEBUG_INFORMATION_FORMAT = "dwarf-with-dsym";
				ENABLE_NS_ASSERTIONS = NO;
				ENABLE_STRICT_OBJC_MSGSEND = YES;
				GCC_C_LANGUAGE_STANDARD = gnu99;
				GCC_NO_COMMON_BLOCKS = YES;
				GCC_WARN_64_TO_32_BIT_CONVERSION = YES;
				GCC_WARN_ABOUT_RETURN_TYPE = YES_ERROR;
				GCC_WARN_UNDECLARED_SELECTOR = YES;
				GCC_WARN_UNINITIALIZED_AUTOS = YES_AGGRESSIVE;
				GCC_WARN_UNUSED_FUNCTION = YES;
				GCC_WARN_UNUSED_VARIABLE = YES;
				IPHONEOS_DEPLOYMENT_TARGET = 8.4;
				MTL_ENABLE_DEBUG_INFO = NO;
				SDKROOT = iphoneos;
				VALIDATE_PRODUCT = YES;
			};
			name = Release;
		};
		D7D7F4231BA05BE6005E827D /* Debug */ = {
			isa = XCBuildConfiguration;
			buildSettings = {
				ASSETCATALOG_COMPILER_APPICON_NAME = AppIcon;
				INFOPLIST_FILE = Quotes/Info.plist;
				LD_RUNPATH_SEARCH_PATHS = "$(inherited) @executable_path/Frameworks";
				PRODUCT_NAME = "$(TARGET_NAME)";
			};
			name = Debug;
		};
		D7D7F4241BA05BE6005E827D /* Release */ = {
			isa = XCBuildConfiguration;
			buildSettings = {
				ASSETCATALOG_COMPILER_APPICON_NAME = AppIcon;
				INFOPLIST_FILE = Quotes/Info.plist;
				LD_RUNPATH_SEARCH_PATHS = "$(inherited) @executable_path/Frameworks";
				PRODUCT_NAME = "$(TARGET_NAME)";
			};
			name = Release;
		};
		D7D7F4261BA05BE6005E827D /* Debug */ = {
			isa = XCBuildConfiguration;
			buildSettings = {
				BUNDLE_LOADER = "$(TEST_HOST)";
				FRAMEWORK_SEARCH_PATHS = (
					"$(SDKROOT)/Developer/Library/Frameworks",
					"$(inherited)",
				);
				GCC_PREPROCESSOR_DEFINITIONS = (
					"DEBUG=1",
					"$(inherited)",
				);
				INFOPLIST_FILE = QuotesTests/Info.plist;
				LD_RUNPATH_SEARCH_PATHS = "$(inherited) @executable_path/Frameworks @loader_path/Frameworks";
				PRODUCT_NAME = "$(TARGET_NAME)";
				TEST_HOST = "$(BUILT_PRODUCTS_DIR)/Quotes.app/Quotes";
			};
			name = Debug;
		};
		D7D7F4271BA05BE6005E827D /* Release */ = {
			isa = XCBuildConfiguration;
			buildSettings = {
				BUNDLE_LOADER = "$(TEST_HOST)";
				FRAMEWORK_SEARCH_PATHS = (
					"$(SDKROOT)/Developer/Library/Frameworks",
					"$(inherited)",
				);
				INFOPLIST_FILE = QuotesTests/Info.plist;
				LD_RUNPATH_SEARCH_PATHS = "$(inherited) @executable_path/Frameworks @loader_path/Frameworks";
				PRODUCT_NAME = "$(TARGET_NAME)";
				TEST_HOST = "$(BUILT_PRODUCTS_DIR)/Quotes.app/Quotes";
			};
			name = Release;
		};
/* End XCBuildConfiguration section */

/* Begin XCConfigurationList section */
		D7D7F3FA1BA05BE5005E827D /* Build configuration list for PBXProject "Quotes" */ = {
			isa = XCConfigurationList;
			buildConfigurations = (
				D7D7F4201BA05BE6005E827D /* Debug */,
				D7D7F4211BA05BE6005E827D /* Release */,
			);
			defaultConfigurationIsVisible = 0;
			defaultConfigurationName = Release;
		};
		D7D7F4221BA05BE6005E827D /* Build configuration list for PBXNativeTarget "Quotes" */ = {
			isa = XCConfigurationList;
			buildConfigurations = (
				D7D7F4231BA05BE6005E827D /* Debug */,
				D7D7F4241BA05BE6005E827D /* Release */,
			);
			defaultConfigurationIsVisible = 0;
		};
		D7D7F4251BA05BE6005E827D /* Build configuration list for PBXNativeTarget "QuotesTests" */ = {
			isa = XCConfigurationList;
			buildConfigurations = (
				D7D7F4261BA05BE6005E827D /* Debug */,
				D7D7F4271BA05BE6005E827D /* Release */,
			);
			defaultConfigurationIsVisible = 0;
		};
/* End XCConfigurationList section */
	};
	rootObject = D7D7F3F71BA05BE5005E827D /* Project object */;
}
